# This file is autogenerated, do not edit; changes may be undone by the next 'dep ensure'.


[[projects]]
  branch = "master"
  name = "github.com/google/go-jsonnet"
  packages = [".","ast","parser"]
  revision = "c7a5b68f1c7a2f5e69736e489790f58edd27f7f3"

[solve-meta]
  analyzer-name = "dep"
  analyzer-version = 1
  inputs-digest = "dff655412715ccf4f74481ef79f3d20d587d66eb1e1b47aa715890f610302c6e"
  solver-name = "gps-cdcl"
  solver-version = 1
